
Microsoft Visual Studio Solution File, Format Version 10.00
# Visual Studio 2008
Project("{8BC9CEB8-8B4A-11D0-8D11-00A0C91BC942}") = "T07GLOBE", "T07GLOBE.vcproj", "{8C3D1620-0C9E-4DEA-B2D1-9A2DC5A04EFC}"
EndProject
Global
	GlobalSection(SolutionConfigurationPlatforms) = preSolution
		Debug|Win32 = Debug|Win32
		Release|Win32 = Release|Win32
	EndGlobalSection
	GlobalSection(ProjectConfigurationPlatforms) = postSolution
		{8C3D1620-0C9E-4DEA-B2D1-9A2DC5A04EFC}.Debug|Win32.ActiveCfg = Debug|Win32
		{8C3D1620-0C9E-4DEA-B2D1-9A2DC5A04EFC}.Debug|Win32.Build.0 = Debug|Win32
		{8C3D1620-0C9E-4DEA-B2D1-9A2DC5A04EFC}.Release|Win32.ActiveCfg = Release|Win32
		{8C3D1620-0C9E-4DEA-B2D1-9A2DC5A04EFC}.Release|Win32.Build.0 = Release|Win32
	EndGlobalSection
	GlobalSection(SolutionProperties) = preSolution
		HideSolutionNode = FALSE
	EndGlobalSection
EndGlobal
